
Microsoft Visual Studio Solution File, Format Version 12.00
# Visual Studio Version 17
VisualStudioVersion = 17.14.36414.22
MinimumVisualStudioVersion = 10.0.40219.1
Project("{FAE04EC0-301F-11D3-BF4B-00C04F79EFBC}") = "PuntoTres", "PuntoTres\PuntoTres.csproj", "{CD6DF6FC-CA9A-4438-92A0-D45B7448799C}"
EndProject
Global
	GlobalSection(SolutionConfigurationPlatforms) = preSolution
		Debug|Any CPU = Debug|Any CPU
		Release|Any CPU = Release|Any CPU
	EndGlobalSection
	GlobalSection(ProjectConfigurationPlatforms) = postSolution
		{CD6DF6FC-CA9A-4438-92A0-D45B7448799C}.Debug|Any CPU.ActiveCfg = Debug|Any CPU
		{CD6DF6FC-CA9A-4438-92A0-D45B7448799C}.Debug|Any CPU.Build.0 = Debug|Any CPU
		{CD6DF6FC-CA9A-4438-92A0-D45B7448799C}.Release|Any CPU.ActiveCfg = Release|Any CPU
		{CD6DF6FC-CA9A-4438-92A0-D45B7448799C}.Release|Any CPU.Build.0 = Release|Any CPU
	EndGlobalSection
	GlobalSection(SolutionProperties) = preSolution
		HideSolutionNode = FALSE
	EndGlobalSection
	GlobalSection(ExtensibilityGlobals) = postSolution
		SolutionGuid = {E7CC0501-F076-4328-874E-EF4170C2B209}
	EndGlobalSection
EndGlobal
